
Microsoft Visual Studio Solution File, Format Version 12.00
# Visual Studio 14
VisualStudioVersion = 14.0.25123.0
MinimumVisualStudioVersion = 10.0.40219.1
Project("{2150E333-8FDC-42A3-9474-1A3956D46DE8}") = "src", "src", "{4DFFBAE2-7AD2-42D5-8D4D-AC60C2B166A9}"
EndProject
Project("{2150E333-8FDC-42A3-9474-1A3956D46DE8}") = "Solution Items", "Solution Items", "{D76F31BA-3517-4A07-A398-05C7607E248A}"
	ProjectSection(SolutionItems) = preProject
		global.json = global.json
	EndProjectSection
EndProject
Project("{8BB2217D-0F2D-49D1-97BC-3654ED321F3B}") = "Itemz", "src\Itemz\Itemz.xproj", "{9D83D531-3A85-4549-BFEC-7BD476F94138}"
EndProject
Project("{2150E333-8FDC-42A3-9474-1A3956D46DE8}") = "libs", "libs", "{FAB53451-248B-45C2-86B2-CF14B1BF8DEE}"
EndProject
Project("{8BB2217D-0F2D-49D1-97BC-3654ED321F3B}") = "AspNet.Security.OpenIdConnect.Extensions", "libs\AspNet.Security.OpenIdConnect.Extensions\AspNet.Security.OpenIdConnect.Extensions.xproj", "{BA895C47-20DA-4A21-924D-5E5768055359}"
EndProject
Project("{8BB2217D-0F2D-49D1-97BC-3654ED321F3B}") = "AspNet.Security.OpenIdConnect.Server", "libs\AspNet.Security.OpenIdConnect.Server\AspNet.Security.OpenIdConnect.Server.xproj", "{0512E28E-343F-412A-8ADC-0256E07D78DD}"
EndProject
Project("{8BB2217D-0F2D-49D1-97BC-3654ED321F3B}") = "AspNet.Security.OAuth.Validation", "libs\AspNet.Security.OAuth.Validation\AspNet.Security.OAuth.Validation.xproj", "{043FD757-9C69-4A68-93BF-EAD2672BBD78}"
EndProject
Global
	GlobalSection(SolutionConfigurationPlatforms) = preSolution
		Debug|Any CPU = Debug|Any CPU
		Release|Any CPU = Release|Any CPU
	EndGlobalSection
	GlobalSection(ProjectConfigurationPlatforms) = postSolution
		{9D83D531-3A85-4549-BFEC-7BD476F94138}.Debug|Any CPU.ActiveCfg = Debug|Any CPU
		{9D83D531-3A85-4549-BFEC-7BD476F94138}.Debug|Any CPU.Build.0 = Debug|Any CPU
		{9D83D531-3A85-4549-BFEC-7BD476F94138}.Release|Any CPU.ActiveCfg = Release|Any CPU
		{9D83D531-3A85-4549-BFEC-7BD476F94138}.Release|Any CPU.Build.0 = Release|Any CPU
		{BA895C47-20DA-4A21-924D-5E5768055359}.Debug|Any CPU.ActiveCfg = Debug|Any CPU
		{BA895C47-20DA-4A21-924D-5E5768055359}.Debug|Any CPU.Build.0 = Debug|Any CPU
		{BA895C47-20DA-4A21-924D-5E5768055359}.Release|Any CPU.ActiveCfg = Release|Any CPU
		{BA895C47-20DA-4A21-924D-5E5768055359}.Release|Any CPU.Build.0 = Release|Any CPU
		{0512E28E-343F-412A-8ADC-0256E07D78DD}.Debug|Any CPU.ActiveCfg = Debug|Any CPU
		{0512E28E-343F-412A-8ADC-0256E07D78DD}.Debug|Any CPU.Build.0 = Debug|Any CPU
		{0512E28E-343F-412A-8ADC-0256E07D78DD}.Release|Any CPU.ActiveCfg = Release|Any CPU
		{0512E28E-343F-412A-8ADC-0256E07D78DD}.Release|Any CPU.Build.0 = Release|Any CPU
		{043FD757-9C69-4A68-93BF-EAD2672BBD78}.Debug|Any CPU.ActiveCfg = Debug|Any CPU
		{043FD757-9C69-4A68-93BF-EAD2672BBD78}.Debug|Any CPU.Build.0 = Debug|Any CPU
		{043FD757-9C69-4A68-93BF-EAD2672BBD78}.Release|Any CPU.ActiveCfg = Release|Any CPU
		{043FD757-9C69-4A68-93BF-EAD2672BBD78}.Release|Any CPU.Build.0 = Release|Any CPU
	EndGlobalSection
	GlobalSection(SolutionProperties) = preSolution
		HideSolutionNode = FALSE
	EndGlobalSection
	GlobalSection(NestedProjects) = preSolution
		{9D83D531-3A85-4549-BFEC-7BD476F94138} = {4DFFBAE2-7AD2-42D5-8D4D-AC60C2B166A9}
		{BA895C47-20DA-4A21-924D-5E5768055359} = {FAB53451-248B-45C2-86B2-CF14B1BF8DEE}
		{0512E28E-343F-412A-8ADC-0256E07D78DD} = {FAB53451-248B-45C2-86B2-CF14B1BF8DEE}
		{043FD757-9C69-4A68-93BF-EAD2672BBD78} = {FAB53451-248B-45C2-86B2-CF14B1BF8DEE}
	EndGlobalSection
EndGlobal
